// !$*UTF8*$!
{
	archiveVersion = 1;
	classes = {
	};
	objectVersion = 56;
	objects = {

/* Begin PBXBuildFile section */
		AE1C37652A29D73600F83F73 /* TodoBinyApp.swift in Sources */ = {isa = PBXBuildFile; fileRef = AE1C37642A29D73600F83F73 /* TodoBinyApp.swift */; };
		AE1C37672A29D73600F83F73 /* ContentView.swift in Sources */ = {isa = PBXBuildFile; fileRef = AE1C37662A29D73600F83F73 /* ContentView.swift */; };
		AE1C37692A29D73800F83F73 /* Assets.xcassets in Resources */ = {isa = PBXBuildFile; fileRef = AE1C37682A29D73800F83F73 /* Assets.xcassets */; };
		AE1C376C2A29D73800F83F73 /* Preview Assets.xcassets in Resources */ = {isa = PBXBuildFile; fileRef = AE1C376B2A29D73800F83F73 /* Preview Assets.xcassets */; };
		AE1C37732A2A0B3600F83F73 /* DoView.swift in Sources */ = {isa = PBXBuildFile; fileRef = AE1C37722A2A0B3600F83F73 /* DoView.swift */; };
		AE1C37752A2A0B4300F83F73 /* DoneView.swift in Sources */ = {isa = PBXBuildFile; fileRef = AE1C37742A2A0B4300F83F73 /* DoneView.swift */; };
		AE1C37772A2A0B5500F83F73 /* SettingView.swift in Sources */ = {isa = PBXBuildFile; fileRef = AE1C37762A2A0B5500F83F73 /* SettingView.swift */; };
		AE1C377F2A2DE11000F83F73 /* AddView.swift in Sources */ = {isa = PBXBuildFile; fileRef = AE1C377E2A2DE11000F83F73 /* AddView.swift */; };
		AE1C37812A2DE25E00F83F73 /* ListRowView.swift in Sources */ = {isa = PBXBuildFile; fileRef = AE1C37802A2DE25E00F83F73 /* ListRowView.swift */; };
		AE1C37842A2E077E00F83F73 /* TodoModel.swift in Sources */ = {isa = PBXBuildFile; fileRef = AE1C37832A2E077E00F83F73 /* TodoModel.swift */; };
		AE1C37872A2F54DB00F83F73 /* TodoViewModel.swift in Sources */ = {isa = PBXBuildFile; fileRef = AE1C37862A2F54DB00F83F73 /* TodoViewModel.swift */; };
		AE1C378C2A3734A700F83F73 /* Colors.swift in Sources */ = {isa = PBXBuildFile; fileRef = AE1C378B2A3734A700F83F73 /* Colors.swift */; };
/* End PBXBuildFile section */

/* Begin PBXFileReference section */
		AE1C37612A29D73600F83F73 /* TodoBiny.app */ = {isa = PBXFileReference; explicitFileType = wrapper.application; includeInIndex = 0; path = TodoBiny.app; sourceTree = BUILT_PRODUCTS_DIR; };
		AE1C37642A29D73600F83F73 /* TodoBinyApp.swift */ = {isa = PBXFileReference; lastKnownFileType = sourcecode.swift; path = TodoBinyApp.swift; sourceTree = "<group>"; };
		AE1C37662A29D73600F83F73 /* ContentView.swift */ = {isa = PBXFileReference; lastKnownFileType = sourcecode.swift; path = ContentView.swift; sourceTree = "<group>"; };
		AE1C37682A29D73800F83F73 /* Assets.xcassets */ = {isa = PBXFileReference; lastKnownFileType = folder.assetcatalog; path = Assets.xcassets; sourceTree = "<group>"; };
		AE1C376B2A29D73800F83F73 /* Preview Assets.xcassets */ = {isa = PBXFileReference; lastKnownFileType = folder.assetcatalog; path = "Preview Assets.xcassets"; sourceTree = "<group>"; };
		AE1C37722A2A0B3600F83F73 /* DoView.swift */ = {isa = PBXFileReference; lastKnownFileType = sourcecode.swift; path = DoView.swift; sourceTree = "<group>"; };
		AE1C37742A2A0B4300F83F73 /* DoneView.swift */ = {isa = PBXFileReference; lastKnownFileType = sourcecode.swift; path = DoneView.swift; sourceTree = "<group>"; };
		AE1C37762A2A0B5500F83F73 /* SettingView.swift */ = {isa = PBXFileReference; lastKnownFileType = sourcecode.swift; path = SettingView.swift; sourceTree = "<group>"; };
		AE1C377E2A2DE11000F83F73 /* AddView.swift */ = {isa = PBXFileReference; lastKnownFileType = sourcecode.swift; path = AddView.swift; sourceTree = "<group>"; };
		AE1C37802A2DE25E00F83F73 /* ListRowView.swift */ = {isa = PBXFileReference; lastKnownFileType = sourcecode.swift; path = ListRowView.swift; sourceTree = "<group>"; };
		AE1C37832A2E077E00F83F73 /* TodoModel.swift */ = {isa = PBXFileReference; lastKnownFileType = sourcecode.swift; path = TodoModel.swift; sourceTree = "<group>"; };
		AE1C37862A2F54DB00F83F73 /* TodoViewModel.swift */ = {isa = PBXFileReference; lastKnownFileType = sourcecode.swift; path = TodoViewModel.swift; sourceTree = "<group>"; };
		AE1C378B2A3734A700F83F73 /* Colors.swift */ = {isa = PBXFileReference; lastKnownFileType = sourcecode.swift; path = Colors.swift; sourceTree = "<group>"; };
/* End PBXFileReference section */

/* Begin PBXFrameworksBuildPhase section */
		AE1C375E2A29D73600F83F73 /* Frameworks */ = {
			isa = PBXFrameworksBuildPhase;
			buildActionMask = 2147483647;
			files = (
			);
			runOnlyForDeploymentPostprocessing = 0;
		};
/* End PBXFrameworksBuildPhase section */

/* Begin PBXGroup section */
		AE1C37582A29D73600F83F73 = {
			isa = PBXGroup;
			children = (
				AE1C37632A29D73600F83F73 /* TodoBiny */,
				AE1C37622A29D73600F83F73 /* Products */,
			);
			sourceTree = "<group>";
		};
		AE1C37622A29D73600F83F73 /* Products */ = {
			isa = PBXGroup;
			children = (
				AE1C37612A29D73600F83F73 /* TodoBiny.app */,
			);
			name = Products;
			sourceTree = "<group>";
		};
		AE1C37632A29D73600F83F73 /* TodoBiny */ = {
			isa = PBXGroup;
			children = (
				AE1C37642A29D73600F83F73 /* TodoBinyApp.swift */,
				AE1C37822A2E073900F83F73 /* Models */,
				AE1C37852A2F54AE00F83F73 /* ViewModels */,
				AE1C377A2A2A0EAD00F83F73 /* Views */,
				AE1C378A2A37349A00F83F73 /* Utils */,
				AE1C37682A29D73800F83F73 /* Assets.xcassets */,
				AE1C376A2A29D73800F83F73 /* Preview Content */,
			);
			path = TodoBiny;
			sourceTree = "<group>";
		};
		AE1C376A2A29D73800F83F73 /* Preview Content */ = {
			isa = PBXGroup;
			children = (
				AE1C376B2A29D73800F83F73 /* Preview Assets.xcassets */,
			);
			path = "Preview Content";
			sourceTree = "<group>";
		};
		AE1C377A2A2A0EAD00F83F73 /* Views */ = {
			isa = PBXGroup;
			children = (
				AE1C37662A29D73600F83F73 /* ContentView.swift */,
				AE1C37722A2A0B3600F83F73 /* DoView.swift */,
				AE1C377E2A2DE11000F83F73 /* AddView.swift */,
				AE1C37802A2DE25E00F83F73 /* ListRowView.swift */,
				AE1C37742A2A0B4300F83F73 /* DoneView.swift */,
				AE1C37762A2A0B5500F83F73 /* SettingView.swift */,
			);
			path = Views;
			sourceTree = "<group>";
		};
		AE1C37822A2E073900F83F73 /* Models */ = {
			isa = PBXGroup;
			children = (
				AE1C37832A2E077E00F83F73 /* TodoModel.swift */,
			);
			path = Models;
			sourceTree = "<group>";
		};
		AE1C37852A2F54AE00F83F73 /* ViewModels */ = {
			isa = PBXGroup;
			children = (
				AE1C37862A2F54DB00F83F73 /* TodoViewModel.swift */,
			);
			path = ViewModels;
			sourceTree = "<group>";
		};
		AE1C378A2A37349A00F83F73 /* Utils */ = {
			isa = PBXGroup;
			children = (
				AE1C378B2A3734A700F83F73 /* Colors.swift */,
			);
			path = Utils;
			sourceTree = "<group>";
		};
/* End PBXGroup section */

/* Begin PBXNativeTarget section */
		AE1C37602A29D73600F83F73 /* TodoBiny */ = {
			isa = PBXNativeTarget;
			buildConfigurationList = AE1C376F2A29D73800F83F73 /* Build configuration list for PBXNativeTarget "TodoBiny" */;
			buildPhases = (
				AE1C375D2A29D73600F83F73 /* Sources */,
				AE1C375E2A29D73600F83F73 /* Frameworks */,
				AE1C375F2A29D73600F83F73 /* Resources */,
			);
			buildRules = (
			);
			dependencies = (
			);
			name = TodoBiny;
			productName = TodoBiny;
			productReference = AE1C37612A29D73600F83F73 /* TodoBiny.app */;
			productType = "com.apple.product-type.application";
		};
/* End PBXNativeTarget section */

/* Begin PBXProject section */
		AE1C37592A29D73600F83F73 /* Project object */ = {
			isa = PBXProject;
			attributes = {
				BuildIndependentTargetsInParallel = 1;
				LastSwiftUpdateCheck = 1430;
				LastUpgradeCheck = 1430;
				TargetAttributes = {
					AE1C37602A29D73600F83F73 = {
						CreatedOnToolsVersion = 14.3;
					};
				};
			};
			buildConfigurationList = AE1C375C2A29D73600F83F73 /* Build configuration list for PBXProject "TodoBiny" */;
			compatibilityVersion = "Xcode 14.0";
			developmentRegion = en;
			hasScannedForEncodings = 0;
			knownRegions = (
				en,
				Base,
			);
			mainGroup = AE1C37582A29D73600F83F73;
			productRefGroup = AE1C37622A29D73600F83F73 /* Products */;
			projectDirPath = "";
			projectRoot = "";
			targets = (
				AE1C37602A29D73600F83F73 /* TodoBiny */,
			);
		};
/* End PBXProject section */

/* Begin PBXResourcesBuildPhase section */
		AE1C375F2A29D73600F83F73 /* Resources */ = {
			isa = PBXResourcesBuildPhase;
			buildActionMask = 2147483647;
			files = (
				AE1C376C2A29D73800F83F73 /* Preview Assets.xcassets in Resources */,
				AE1C37692A29D73800F83F73 /* Assets.xcassets in Resources */,
			);
			runOnlyForDeploymentPostprocessing = 0;
		};
/* End PBXResourcesBuildPhase section */

/* Begin PBXSourcesBuildPhase section */
		AE1C375D2A29D73600F83F73 /* Sources */ = {
			isa = PBXSourcesBuildPhase;
			buildActionMask = 2147483647;
			files = (
				AE1C37872A2F54DB00F83F73 /* TodoViewModel.swift in Sources */,
				AE1C37672A29D73600F83F73 /* ContentView.swift in Sources */,
				AE1C37842A2E077E00F83F73 /* TodoModel.swift in Sources */,
				AE1C378C2A3734A700F83F73 /* Colors.swift in Sources */,
				AE1C37812A2DE25E00F83F73 /* ListRowView.swift in Sources */,
				AE1C37772A2A0B5500F83F73 /* SettingView.swift in Sources */,
				AE1C377F2A2DE11000F83F73 /* AddView.swift in Sources */,
				AE1C37732A2A0B3600F83F73 /* DoView.swift in Sources */,
				AE1C37752A2A0B4300F83F73 /* DoneView.swift in Sources */,
				AE1C37652A29D73600F83F73 /* TodoBinyApp.swift in Sources */,
			);
			runOnlyForDeploymentPostprocessing = 0;
		};
/* End PBXSourcesBuildPhase section */

/* Begin XCBuildConfiguration section */
		AE1C376D2A29D73800F83F73 /* Debug */ = {
			isa = XCBuildConfiguration;
			buildSettings = {
				ALWAYS_SEARCH_USER_PATHS = NO;
				CLANG_ANALYZER_NONNULL = YES;
				CLANG_ANALYZER_NUMBER_OBJECT_CONVERSION = YES_AGGRESSIVE;
				CLANG_CXX_LANGUAGE_STANDARD = "gnu++20";
				CLANG_ENABLE_MODULES = YES;
				CLANG_ENABLE_OBJC_ARC = YES;
				CLANG_ENABLE_OBJC_WEAK = YES;
				CLANG_WARN_BLOCK_CAPTURE_AUTORELEASING = YES;
				CLANG_WARN_BOOL_CONVERSION = YES;
				CLANG_WARN_COMMA = YES;
				CLANG_WARN_CONSTANT_CONVERSION = YES;
				CLANG_WARN_DEPRECATED_OBJC_IMPLEMENTATIONS = YES;
				CLANG_WARN_DIRECT_OBJC_ISA_USAGE = YES_ERROR;
				CLANG_WARN_DOCUMENTATION_COMMENTS = YES;
				CLANG_WARN_EMPTY_BODY = YES;
				CLANG_WARN_ENUM_CONVERSION = YES;
				CLANG_WARN_INFINITE_RECURSION = YES;
				CLANG_WARN_INT_CONVERSION = YES;
				CLANG_WARN_NON_LITERAL_NULL_CONVERSION = YES;
				CLANG_WARN_OBJC_IMPLICIT_RETAIN_SELF = YES;
				CLANG_WARN_OBJC_LITERAL_CONVERSION = YES;
				CLANG_WARN_OBJC_ROOT_CLASS = YES_ERROR;
				CLANG_WARN_QUOTED_INCLUDE_IN_FRAMEWORK_HEADER = YES;
				CLANG_WARN_RANGE_LOOP_ANALYSIS = YES;
				CLANG_WARN_STRICT_PROTOTYPES = YES;
				CLANG_WARN_SUSPICIOUS_MOVE = YES;
				CLANG_WARN_UNGUARDED_AVAILABILITY = YES_AGGRESSIVE;
				CLANG_WARN_UNREACHABLE_CODE = YES;
				CLANG_WARN__DUPLICATE_METHOD_MATCH = YES;
				COPY_PHASE_STRIP = NO;
				DEBUG_INFORMATION_FORMAT = dwarf;
				ENABLE_STRICT_OBJC_MSGSEND = YES;
				ENABLE_TESTABILITY = YES;
				GCC_C_LANGUAGE_STANDARD = gnu11;
				GCC_DYNAMIC_NO_PIC = NO;
				GCC_NO_COMMON_BLOCKS = YES;
				GCC_OPTIMIZATION_LEVEL = 0;
				GCC_PREPROCESSOR_DEFINITIONS = (
					"DEBUG=1",
					"$(inherited)",
				);
				GCC_WARN_64_TO_32_BIT_CONVERSION = YES;
				GCC_WARN_ABOUT_RETURN_TYPE = YES_ERROR;
				GCC_WARN_UNDECLARED_SELECTOR = YES;
				GCC_WARN_UNINITIALIZED_AUTOS = YES_AGGRESSIVE;
				GCC_WARN_UNUSED_FUNCTION = YES;
				GCC_WARN_UNUSED_VARIABLE = YES;
				IPHONEOS_DEPLOYMENT_TARGET = 16.4;
				MTL_ENABLE_DEBUG_INFO = INCLUDE_SOURCE;
				MTL_FAST_MATH = YES;
				ONLY_ACTIVE_ARCH = YES;
				SDKROOT = iphoneos;
				SWIFT_ACTIVE_COMPILATION_CONDITIONS = DEBUG;
				SWIFT_OPTIMIZATION_LEVEL = "-Onone";
			};
			name = Debug;
		};
		AE1C376E2A29D73800F83F73 /* Release */ = {
			isa = XCBuildConfiguration;
			buildSettings = {
				ALWAYS_SEARCH_USER_PATHS = NO;
				CLANG_ANALYZER_NONNULL = YES;
				CLANG_ANALYZER_NUMBER_OBJECT_CONVERSION = YES_AGGRESSIVE;
				CLANG_CXX_LANGUAGE_STANDARD = "gnu++20";
				CLANG_ENABLE_MODULES = YES;
				CLANG_ENABLE_OBJC_ARC = YES;
				CLANG_ENABLE_OBJC_WEAK = YES;
				CLANG_WARN_BLOCK_CAPTURE_AUTORELEASING = YES;
				CLANG_WARN_BOOL_CONVERSION = YES;
				CLANG_WARN_COMMA = YES;
				CLANG_WARN_CONSTANT_CONVERSION = YES;
				CLANG_WARN_DEPRECATED_OBJC_IMPLEMENTATIONS = YES;
				CLANG_WARN_DIRECT_OBJC_ISA_USAGE = YES_ERROR;
				CLANG_WARN_DOCUMENTATION_COMMENTS = YES;
				CLANG_WARN_EMPTY_BODY = YES;
				CLANG_WARN_ENUM_CONVERSION = YES;
				CLANG_WARN_INFINITE_RECURSION = YES;
				CLANG_WARN_INT_CONVERSION = YES;
				CLANG_WARN_NON_LITERAL_NULL_CONVERSION = YES;
				CLANG_WARN_OBJC_IMPLICIT_RETAIN_SELF = YES;
				CLANG_WARN_OBJC_LITERAL_CONVERSION = YES;
				CLANG_WARN_OBJC_ROOT_CLASS = YES_ERROR;
				CLANG_WARN_QUOTED_INCLUDE_IN_FRAMEWORK_HEADER = YES;
				CLANG_WARN_RANGE_LOOP_ANALYSIS = YES;
				CLANG_WARN_STRICT_PROTOTYPES = YES;
				CLANG_WARN_SUSPICIOUS_MOVE = YES;
				CLANG_WARN_UNGUARDED_AVAILABILITY = YES_AGGRESSIVE;
				CLANG_WARN_UNREACHABLE_CODE = YES;
				CLANG_WARN__DUPLICATE_METHOD_MATCH = YES;
				COPY_PHASE_STRIP = NO;
				DEBUG_INFORMATION_FORMAT = "dwarf-with-dsym";
				ENABLE_NS_ASSERTIONS = NO;
				ENABLE_STRICT_OBJC_MSGSEND = YES;
				GCC_C_LANGUAGE_STANDARD = gnu11;
				GCC_NO_COMMON_BLOCKS = YES;
				GCC_WARN_64_TO_32_BIT_CONVERSION = YES;
				GCC_WARN_ABOUT_RETURN_TYPE = YES_ERROR;
				GCC_WARN_UNDECLARED_SELECTOR = YES;
				GCC_WARN_UNINITIALIZED_AUTOS = YES_AGGRESSIVE;
				GCC_WARN_UNUSED_FUNCTION = YES;
				GCC_WARN_UNUSED_VARIABLE = YES;
				IPHONEOS_DEPLOYMENT_TARGET = 16.4;
				MTL_ENABLE_DEBUG_INFO = NO;
				MTL_FAST_MATH = YES;
				SDKROOT = iphoneos;
				SWIFT_COMPILATION_MODE = wholemodule;
				SWIFT_OPTIMIZATION_LEVEL = "-O";
				VALIDATE_PRODUCT = YES;
			};
			name = Release;
		};
		AE1C37702A29D73800F83F73 /* Debug */ = {
			isa = XCBuildConfiguration;
			buildSettings = {
				ASSETCATALOG_COMPILER_APPICON_NAME = AppIcon;
				ASSETCATALOG_COMPILER_GLOBAL_ACCENT_COLOR_NAME = AccentColor;
				CODE_SIGN_STYLE = Automatic;
				CURRENT_PROJECT_VERSION = 1;
				DEVELOPMENT_ASSET_PATHS = "\"TodoBiny/Preview Content\"";
				DEVELOPMENT_TEAM = HFR7W36699;
				ENABLE_PREVIEWS = YES;
				GENERATE_INFOPLIST_FILE = YES;
				INFOPLIST_KEY_UIApplicationSceneManifest_Generation = YES;
				INFOPLIST_KEY_UIApplicationSupportsIndirectInputEvents = YES;
				INFOPLIST_KEY_UILaunchScreen_Generation = YES;
				INFOPLIST_KEY_UISupportedInterfaceOrientations_iPad = "UIInterfaceOrientationPortrait UIInterfaceOrientationPortraitUpsideDown UIInterfaceOrientationLandscapeLeft UIInterfaceOrientationLandscapeRight";
				INFOPLIST_KEY_UISupportedInterfaceOrientations_iPhone = "UIInterfaceOrientationPortrait UIInterfaceOrientationLandscapeLeft UIInterfaceOrientationLandscapeRight";
				IPHONEOS_DEPLOYMENT_TARGET = 16.0;
				LD_RUNPATH_SEARCH_PATHS = (
					"$(inherited)",
					"@executable_path/Frameworks",
				);
				MARKETING_VERSION = 1.0;
				PRODUCT_BUNDLE_IDENTIFIER = com.sebin.identifier.TodoBiny;
				PRODUCT_NAME = "$(TARGET_NAME)";
				SWIFT_EMIT_LOC_STRINGS = YES;
				SWIFT_VERSION = 5.0;
				TARGETED_DEVICE_FAMILY = "1,2";
			};
			name = Debug;
		};
		AE1C37712A29D73800F83F73 /* Release */ = {
			isa = XCBuildConfiguration;
			buildSettings = {
				ASSETCATALOG_COMPILER_APPICON_NAME = AppIcon;
				ASSETCATALOG_COMPILER_GLOBAL_ACCENT_COLOR_NAME = AccentColor;
				CODE_SIGN_STYLE = Automatic;
				CURRENT_PROJECT_VERSION = 1;
				DEVELOPMENT_ASSET_PATHS = "\"TodoBiny/Preview Content\"";
				DEVELOPMENT_TEAM = HFR7W36699;
				ENABLE_PREVIEWS = YES;
				GENERATE_INFOPLIST_FILE = YES;
				INFOPLIST_KEY_UIApplicationSceneManifest_Generation = YES;
				INFOPLIST_KEY_UIApplicationSupportsIndirectInputEvents = YES;
				INFOPLIST_KEY_UILaunchScreen_Generation = YES;
				INFOPLIST_KEY_UISupportedInterfaceOrientations_iPad = "UIInterfaceOrientationPortrait UIInterfaceOrientationPortraitUpsideDown UIInterfaceOrientationLandscapeLeft UIInterfaceOrientationLandscapeRight";
				INFOPLIST_KEY_UISupportedInterfaceOrientations_iPhone = "UIInterfaceOrientationPortrait UIInterfaceOrientationLandscapeLeft UIInterfaceOrientationLandscapeRight";
				IPHONEOS_DEPLOYMENT_TARGET = 16.0;
				LD_RUNPATH_SEARCH_PATHS = (
					"$(inherited)",
					"@executable_path/Frameworks",
				);
				MARKETING_VERSION = 1.0;
				PRODUCT_BUNDLE_IDENTIFIER = com.sebin.identifier.TodoBiny;
				PRODUCT_NAME = "$(TARGET_NAME)";
				SWIFT_EMIT_LOC_STRINGS = YES;
				SWIFT_VERSION = 5.0;
				TARGETED_DEVICE_FAMILY = "1,2";
			};
			name = Release;
		};
/* End XCBuildConfiguration section */

/* Begin XCConfigurationList section */
		AE1C375C2A29D73600F83F73 /* Build configuration list for PBXProject "TodoBiny" */ = {
			isa = XCConfigurationList;
			buildConfigurations = (
				AE1C376D2A29D73800F83F73 /* Debug */,
				AE1C376E2A29D73800F83F73 /* Release */,
			);
			defaultConfigurationIsVisible = 0;
			defaultConfigurationName = Release;
		};
		AE1C376F2A29D73800F83F73 /* Build configuration list for PBXNativeTarget "TodoBiny" */ = {
			isa = XCConfigurationList;
			buildConfigurations = (
				AE1C37702A29D73800F83F73 /* Debug */,
				AE1C37712A29D73800F83F73 /* Release */,
			);
			defaultConfigurationIsVisible = 0;
			defaultConfigurationName = Release;
		};
/* End XCConfigurationList section */
	};
	rootObject = AE1C37592A29D73600F83F73 /* Project object */;
}
